
Microsoft Visual Studio Solution File, Format Version 12.00
# Visual Studio Version 17
VisualStudioVersion = 17.4.33122.133
MinimumVisualStudioVersion = 10.0.40219.1
Project("{FAE04EC0-301F-11D3-BF4B-00C04F79EFBC}") = "космос", "космос\космос.csproj", "{11AD7C0F-273F-4172-8235-B9882F744456}"
EndProject
Global
	GlobalSection(SolutionConfigurationPlatforms) = preSolution
		Debug|Any CPU = Debug|Any CPU
		Release|Any CPU = Release|Any CPU
	EndGlobalSection
	GlobalSection(ProjectConfigurationPlatforms) = postSolution
		{11AD7C0F-273F-4172-8235-B9882F744456}.Debug|Any CPU.ActiveCfg = Debug|Any CPU
		{11AD7C0F-273F-4172-8235-B9882F744456}.Debug|Any CPU.Build.0 = Debug|Any CPU
		{11AD7C0F-273F-4172-8235-B9882F744456}.Release|Any CPU.ActiveCfg = Release|Any CPU
		{11AD7C0F-273F-4172-8235-B9882F744456}.Release|Any CPU.Build.0 = Release|Any CPU
	EndGlobalSection
	GlobalSection(SolutionProperties) = preSolution
		HideSolutionNode = FALSE
	EndGlobalSection
	GlobalSection(ExtensibilityGlobals) = postSolution
		SolutionGuid = {14542235-9B1E-414A-A9A3-D5F8E18C7C86}
	EndGlobalSection
EndGlobal
